
Microsoft Visual Studio Solution File, Format Version 12.00
# Visual Studio 15
VisualStudioVersion = 15.0.28307.168
MinimumVisualStudioVersion = 10.0.40219.1
Project("{9A19103F-16F7-4668-BE54-9A1E7A4F7556}") = "DataAccess", "DataAccess\DataAccess.csproj", "{F7705772-EEC3-4DF8-9C01-7F73C7C5E10A}"
EndProject
Project("{2150E333-8FDC-42A3-9474-1A3956D46DE8}") = "Tests", "Tests", "{51185518-79F1-4E28-94C5-FED745284CEC}"
EndProject
Project("{9A19103F-16F7-4668-BE54-9A1E7A4F7556}") = "HealthLevel7.Tests", "HealthLevel7.Tests\HealthLevel7.Tests.csproj", "{1B4918DE-7EEE-4FD1-9753-4D5AFBF8F893}"
EndProject
Project("{FAE04EC0-301F-11D3-BF4B-00C04F79EFBC}") = "Sniffer.Dicom", "Sniffer.Dicom\Sniffer.Dicom.csproj", "{D82F697D-8684-42B3-A252-49E9372D630F}"
EndProject
Project("{FAE04EC0-301F-11D3-BF4B-00C04F79EFBC}") = "Sniffer.Viewer", "Sniffer.Viewer\Sniffer.Viewer.csproj", "{35C090FA-CFE4-4A78-ACC5-0F63E4ED207A}"
EndProject
Project("{FAE04EC0-301F-11D3-BF4B-00C04F79EFBC}") = "Sniffer.HL7", "Sniffer.HL7\Sniffer.HL7.csproj", "{F973077B-FF12-41DD-A4F8-0B71ABFB9C7D}"
EndProject
Global
	GlobalSection(SolutionConfigurationPlatforms) = preSolution
		Debug|Any CPU = Debug|Any CPU
		Release|Any CPU = Release|Any CPU
	EndGlobalSection
	GlobalSection(ProjectConfigurationPlatforms) = postSolution
		{F7705772-EEC3-4DF8-9C01-7F73C7C5E10A}.Debug|Any CPU.ActiveCfg = Debug|Any CPU
		{F7705772-EEC3-4DF8-9C01-7F73C7C5E10A}.Debug|Any CPU.Build.0 = Debug|Any CPU
		{F7705772-EEC3-4DF8-9C01-7F73C7C5E10A}.Release|Any CPU.ActiveCfg = Release|Any CPU
		{F7705772-EEC3-4DF8-9C01-7F73C7C5E10A}.Release|Any CPU.Build.0 = Release|Any CPU
		{1B4918DE-7EEE-4FD1-9753-4D5AFBF8F893}.Debug|Any CPU.ActiveCfg = Debug|Any CPU
		{1B4918DE-7EEE-4FD1-9753-4D5AFBF8F893}.Debug|Any CPU.Build.0 = Debug|Any CPU
		{1B4918DE-7EEE-4FD1-9753-4D5AFBF8F893}.Release|Any CPU.ActiveCfg = Release|Any CPU
		{1B4918DE-7EEE-4FD1-9753-4D5AFBF8F893}.Release|Any CPU.Build.0 = Release|Any CPU
		{D82F697D-8684-42B3-A252-49E9372D630F}.Debug|Any CPU.ActiveCfg = Debug|Any CPU
		{D82F697D-8684-42B3-A252-49E9372D630F}.Debug|Any CPU.Build.0 = Debug|Any CPU
		{D82F697D-8684-42B3-A252-49E9372D630F}.Release|Any CPU.ActiveCfg = Release|Any CPU
		{D82F697D-8684-42B3-A252-49E9372D630F}.Release|Any CPU.Build.0 = Release|Any CPU
		{35C090FA-CFE4-4A78-ACC5-0F63E4ED207A}.Debug|Any CPU.ActiveCfg = Debug|Any CPU
		{35C090FA-CFE4-4A78-ACC5-0F63E4ED207A}.Debug|Any CPU.Build.0 = Debug|Any CPU
		{35C090FA-CFE4-4A78-ACC5-0F63E4ED207A}.Release|Any CPU.ActiveCfg = Release|Any CPU
		{35C090FA-CFE4-4A78-ACC5-0F63E4ED207A}.Release|Any CPU.Build.0 = Release|Any CPU
		{F973077B-FF12-41DD-A4F8-0B71ABFB9C7D}.Debug|Any CPU.ActiveCfg = Debug|Any CPU
		{F973077B-FF12-41DD-A4F8-0B71ABFB9C7D}.Debug|Any CPU.Build.0 = Debug|Any CPU
		{F973077B-FF12-41DD-A4F8-0B71ABFB9C7D}.Release|Any CPU.ActiveCfg = Release|Any CPU
		{F973077B-FF12-41DD-A4F8-0B71ABFB9C7D}.Release|Any CPU.Build.0 = Release|Any CPU
	EndGlobalSection
	GlobalSection(SolutionProperties) = preSolution
		HideSolutionNode = FALSE
	EndGlobalSection
	GlobalSection(NestedProjects) = preSolution
		{1B4918DE-7EEE-4FD1-9753-4D5AFBF8F893} = {51185518-79F1-4E28-94C5-FED745284CEC}
	EndGlobalSection
	GlobalSection(ExtensibilityGlobals) = postSolution
		SolutionGuid = {AF775840-AB9B-4EDB-9D83-C32D292F9934}
	EndGlobalSection
EndGlobal
